# THIS IS AN AUTOGENERATED FILE. DO NOT EDIT THIS FILE DIRECTLY.
# yarn lockfile v1


debug@^4.0.1:
  version "4.1.1"
  resolved "https://registry.yarnpkg.com/debug/-/debug-4.1.1.tgz#3b72260255109c6b589cee050f1d516139664791"
  integrity sha512-pYAIzeRo8J6KPEaJ0VWOh5Pzkbw/RetuzehGM7QRRX5he4fPHx2rdKMB256ehJCkX+XRQm16eZLqLNS8RSZXZw==
  dependencies:
    ms "^2.1.1"

ms@^2.1.1:
  version "2.1.1"
  resolved "https://registry.yarnpkg.com/ms/-/ms-2.1.1.tgz#30a5864eb3ebb0a66f2ebe6d727af06a09d86e0a"
  integrity sha512-tgp+dl5cGk28utYktBsrFqA7HKgrhgPsg6Z/EfhWI4gl1Hwq8B/GmY/0oXZ6nF8hDVesS/FpnYaD/kOWhYQvyg==

pad-right@0.2.2:
  version "0.2.2"
  resolved "https://registry.yarnpkg.com/pad-right/-/pad-right-0.2.2.tgz#6fbc924045d244f2a2a244503060d3bfc6009774"
  integrity sha1-b7ySQEXSRPKiokRQMGDTv8YAl3Q=
  dependencies:
    repeat-string "^1.5.2"

repeat-string@^1.5.2:
  version "1.6.1"
  resolved "https://registry.yarnpkg.com/repeat-string/-/repeat-string-1.6.1.tgz#8dcae470e1c88abc2d600fff4a776286da75e637"
  integrity sha1-jcrkcOHIirwtYA//Sndihtp15jc=

simple-git@1.110.0:
  version "1.110.0"
  resolved "https://registry.yarnpkg.com/simple-git/-/simple-git-1.110.0.tgz#54eb179089d055a7783d32399246cebc9d9933e9"
  integrity sha512-UYY0rQkknk0P5eb+KW+03F4TevZ9ou0H+LoGaj7iiVgpnZH4wdj/HTViy/1tNNkmIPcmtxuBqXWiYt2YwlRKOQ==
  dependencies:
    debug "^4.0.1"
